
Microsoft Visual Studio Solution File, Format Version 12.00
# Visual Studio Version 17
VisualStudioVersion = 17.4.33122.133
MinimumVisualStudioVersion = 10.0.40219.1
Project("{FAE04EC0-301F-11D3-BF4B-00C04F79EFBC}") = "ConsoleApp44", "ConsoleApp44\ConsoleApp44.csproj", "{98400F6D-08DF-4E7C-8F63-007DFBEC9EC2}"
EndProject
Global
	GlobalSection(SolutionConfigurationPlatforms) = preSolution
		Debug|Any CPU = Debug|Any CPU
		Release|Any CPU = Release|Any CPU
	EndGlobalSection
	GlobalSection(ProjectConfigurationPlatforms) = postSolution
		{98400F6D-08DF-4E7C-8F63-007DFBEC9EC2}.Debug|Any CPU.ActiveCfg = Debug|Any CPU
		{98400F6D-08DF-4E7C-8F63-007DFBEC9EC2}.Debug|Any CPU.Build.0 = Debug|Any CPU
		{98400F6D-08DF-4E7C-8F63-007DFBEC9EC2}.Release|Any CPU.ActiveCfg = Release|Any CPU
		{98400F6D-08DF-4E7C-8F63-007DFBEC9EC2}.Release|Any CPU.Build.0 = Release|Any CPU
	EndGlobalSection
	GlobalSection(SolutionProperties) = preSolution
		HideSolutionNode = FALSE
	EndGlobalSection
	GlobalSection(ExtensibilityGlobals) = postSolution
		SolutionGuid = {984E0593-17EB-460E-9F74-A10A6864E76F}
	EndGlobalSection
EndGlobal
